{
  "name": "javascript_3_ajs_node_js",
  "version": "1.0.0",
  "lockfileVersion": 3,
  "requires": true,
  "packages": {
    "": {
      "name": "javascript_3_ajs_node_js",
      "version": "1.0.0",
      "license": "ISC",
      "dependencies": {
        "@darknessdizi/javascript_3_ajs": "^1.0.0"
      }
    },
    "node_modules/@darknessdizi/javascript_3_ajs": {
      "version": "1.0.0",
      "resolved": "https://npm.pkg.github.com/download/@darknessdizi/javascript_3_ajs/1.0.0/9c491fadd137ad815d4c216e1a2c79046825a639",
      "integrity": "sha512-XWqxZGnmiUj37qI3Rbokhs18dVHJP+JrwWRlcNf5YnlU76EY+F5gjigq7KOfYGnBeRXXkh9cSx7tVq6mJxkC2A==",
      "license": "ISC"
    }
  }
}
